
Microsoft Visual Studio Solution File, Format Version 12.00
# Visual Studio Version 17
VisualStudioVersion = 17.14.36301.6
MinimumVisualStudioVersion = 10.0.40219.1
Project("{FAE04EC0-301F-11D3-BF4B-00C04F79EFBC}") = "MinusSearcher", "MinusSearcher\MinusSearcher.csproj", "{2504ADB7-6B73-40A6-A6CA-52D45290818A}"
EndProject
Project("{FAE04EC0-301F-11D3-BF4B-00C04F79EFBC}") = "SearcherCore", "SearcherCore\SearcherCore.csproj", "{F9A56056-FDD5-4DF7-96A2-962767403CC2}"
EndProject
Global
	GlobalSection(SolutionConfigurationPlatforms) = preSolution
		Debug|Any CPU = Debug|Any CPU
		Release|Any CPU = Release|Any CPU
	EndGlobalSection
	GlobalSection(ProjectConfigurationPlatforms) = postSolution
		{2504ADB7-6B73-40A6-A6CA-52D45290818A}.Debug|Any CPU.ActiveCfg = Debug|Any CPU
		{2504ADB7-6B73-40A6-A6CA-52D45290818A}.Debug|Any CPU.Build.0 = Debug|Any CPU
		{2504ADB7-6B73-40A6-A6CA-52D45290818A}.Debug|Any CPU.Deploy.0 = Debug|Any CPU
		{2504ADB7-6B73-40A6-A6CA-52D45290818A}.Release|Any CPU.ActiveCfg = Release|Any CPU
		{2504ADB7-6B73-40A6-A6CA-52D45290818A}.Release|Any CPU.Build.0 = Release|Any CPU
		{2504ADB7-6B73-40A6-A6CA-52D45290818A}.Release|Any CPU.Deploy.0 = Release|Any CPU
		{F9A56056-FDD5-4DF7-96A2-962767403CC2}.Debug|Any CPU.ActiveCfg = Debug|Any CPU
		{F9A56056-FDD5-4DF7-96A2-962767403CC2}.Debug|Any CPU.Build.0 = Debug|Any CPU
		{F9A56056-FDD5-4DF7-96A2-962767403CC2}.Release|Any CPU.ActiveCfg = Release|Any CPU
		{F9A56056-FDD5-4DF7-96A2-962767403CC2}.Release|Any CPU.Build.0 = Release|Any CPU
	EndGlobalSection
	GlobalSection(SolutionProperties) = preSolution
		HideSolutionNode = FALSE
	EndGlobalSection
	GlobalSection(ExtensibilityGlobals) = postSolution
		SolutionGuid = {DE824AF2-27DC-4DDF-98A4-F229E13FA179}
	EndGlobalSection
EndGlobal
