
Microsoft Visual Studio Solution File, Format Version 12.00
# Visual Studio Version 17
VisualStudioVersion = 17.1.32319.34
MinimumVisualStudioVersion = 10.0.40219.1
Project("{FAE04EC0-301F-11D3-BF4B-00C04F79EFBC}") = "ContainersExamples", "ContainersExamples.csproj", "{06A6D24F-C50F-4512-AAC2-263F4F9A1312}"
EndProject
Global
	GlobalSection(SolutionConfigurationPlatforms) = preSolution
		Debug|Any CPU = Debug|Any CPU
		Release|Any CPU = Release|Any CPU
	EndGlobalSection
	GlobalSection(ProjectConfigurationPlatforms) = postSolution
		{06A6D24F-C50F-4512-AAC2-263F4F9A1312}.Debug|Any CPU.ActiveCfg = Debug|Any CPU
		{06A6D24F-C50F-4512-AAC2-263F4F9A1312}.Debug|Any CPU.Build.0 = Debug|Any CPU
		{06A6D24F-C50F-4512-AAC2-263F4F9A1312}.Release|Any CPU.ActiveCfg = Release|Any CPU
		{06A6D24F-C50F-4512-AAC2-263F4F9A1312}.Release|Any CPU.Build.0 = Release|Any CPU
	EndGlobalSection
	GlobalSection(SolutionProperties) = preSolution
		HideSolutionNode = FALSE
	EndGlobalSection
	GlobalSection(ExtensibilityGlobals) = postSolution
		SolutionGuid = {C672EDDC-4DEA-4D90-AFD1-2DAE41F1F9BC}
	EndGlobalSection
EndGlobal
