
Microsoft Visual Studio Solution File, Format Version 12.00
# Visual Studio Version 17
VisualStudioVersion = 17.14.36301.6 d17.14
MinimumVisualStudioVersion = 10.0.40219.1
Project("{888888A0-9F3D-457C-B088-3A5042F75D52}") = "DjangoWebProject2", "DjangoWebProject2\DjangoWebProject2.pyproj", "{4AEA5411-03DB-467F-828A-06D3AD90D8F0}"
EndProject
Global
	GlobalSection(SolutionConfigurationPlatforms) = preSolution
		Debug|Any CPU = Debug|Any CPU
		Release|Any CPU = Release|Any CPU
	EndGlobalSection
	GlobalSection(ProjectConfigurationPlatforms) = postSolution
		{4AEA5411-03DB-467F-828A-06D3AD90D8F0}.Debug|Any CPU.ActiveCfg = Debug|Any CPU
		{4AEA5411-03DB-467F-828A-06D3AD90D8F0}.Debug|Any CPU.Build.0 = Debug|Any CPU
		{4AEA5411-03DB-467F-828A-06D3AD90D8F0}.Release|Any CPU.ActiveCfg = Release|Any CPU
		{4AEA5411-03DB-467F-828A-06D3AD90D8F0}.Release|Any CPU.Build.0 = Release|Any CPU
	EndGlobalSection
	GlobalSection(SolutionProperties) = preSolution
		HideSolutionNode = FALSE
	EndGlobalSection
	GlobalSection(ExtensibilityGlobals) = postSolution
		SolutionGuid = {0A531118-50A2-4C02-93B6-822767B0A7C1}
	EndGlobalSection
EndGlobal
